{
  "object": {
    "pins": [
      {
        "package": "prefixed",
        "repositoryURL": "https://github.com/RemiBardon/swift-prefixed-type",
        "state": {
          "branch": null,
          "revision": "3b3efbe826361c226f277278e4f682e63e97a222",
          "version": "2.0.1"
        }
      }
    ]
  },
  "version": 1
}
