{
  "object": {
    "pins": [
      {
        "package": "swift-prefixed-uuid",
        "repositoryURL": "https://github.com/RemiBardon/swift-prefixed-uuid",
        "state": {
          "branch": null,
          "revision": "160a297b20367defda547bf9843d8e65830448c2",
          "version": "1.0.3"
        }
      }
    ]
  },
  "version": 1
}
